
Microsoft Visual Studio Solution File, Format Version 12.00
# Visual Studio 15
VisualStudioVersion = 15.0.26430.6
MinimumVisualStudioVersion = 10.0.40219.1
Project("{FAE04EC0-301F-11D3-BF4B-00C04F79EFBC}") = "App1", "App1\App1.csproj", "{784D5E08-67CD-416A-9726-AE764A622FCB}"
EndProject
Global
	GlobalSection(SolutionConfigurationPlatforms) = preSolution
		Debug|Any CPU = Debug|Any CPU
		Release|Any CPU = Release|Any CPU
	EndGlobalSection
	GlobalSection(ProjectConfigurationPlatforms) = postSolution
		{784D5E08-67CD-416A-9726-AE764A622FCB}.Debug|Any CPU.ActiveCfg = Debug|Any CPU
		{784D5E08-67CD-416A-9726-AE764A622FCB}.Debug|Any CPU.Build.0 = Debug|Any CPU
		{784D5E08-67CD-416A-9726-AE764A622FCB}.Debug|Any CPU.Deploy.0 = Debug|Any CPU
		{784D5E08-67CD-416A-9726-AE764A622FCB}.Release|Any CPU.ActiveCfg = Release|Any CPU
		{784D5E08-67CD-416A-9726-AE764A622FCB}.Release|Any CPU.Build.0 = Release|Any CPU
		{784D5E08-67CD-416A-9726-AE764A622FCB}.Release|Any CPU.Deploy.0 = Release|Any CPU
	EndGlobalSection
	GlobalSection(SolutionProperties) = preSolution
		HideSolutionNode = FALSE
	EndGlobalSection
EndGlobal
